
Microsoft Visual Studio Solution File, Format Version 12.00
# Visual Studio Version 17
VisualStudioVersion = 17.7.34031.279
MinimumVisualStudioVersion = 10.0.40219.1
Project("{8BC9CEB8-8B4A-11D0-8D11-00A0C91BC942}") = "Lab5", "Lab5\Lab5.vcxproj", "{80D988B2-3607-48FD-97F8-4DA96F0FC353}"
EndProject
Project("{8BC9CEB8-8B4A-11D0-8D11-00A0C91BC942}") = "Test1", "Test1\Test1.vcxproj", "{6108A6D4-AFE1-44F3-937C-A757D08B69A6}"
EndProject
Global
	GlobalSection(SolutionConfigurationPlatforms) = preSolution
		Debug|x64 = Debug|x64
		Debug|x86 = Debug|x86
		Release|x64 = Release|x64
		Release|x86 = Release|x86
	EndGlobalSection
	GlobalSection(ProjectConfigurationPlatforms) = postSolution
		{80D988B2-3607-48FD-97F8-4DA96F0FC353}.Debug|x64.ActiveCfg = Debug|x64
		{80D988B2-3607-48FD-97F8-4DA96F0FC353}.Debug|x64.Build.0 = Debug|x64
		{80D988B2-3607-48FD-97F8-4DA96F0FC353}.Debug|x86.ActiveCfg = Debug|Win32
		{80D988B2-3607-48FD-97F8-4DA96F0FC353}.Debug|x86.Build.0 = Debug|Win32
		{80D988B2-3607-48FD-97F8-4DA96F0FC353}.Release|x64.ActiveCfg = Release|x64
		{80D988B2-3607-48FD-97F8-4DA96F0FC353}.Release|x64.Build.0 = Release|x64
		{80D988B2-3607-48FD-97F8-4DA96F0FC353}.Release|x86.ActiveCfg = Release|Win32
		{80D988B2-3607-48FD-97F8-4DA96F0FC353}.Release|x86.Build.0 = Release|Win32
		{6108A6D4-AFE1-44F3-937C-A757D08B69A6}.Debug|x64.ActiveCfg = Debug|x64
		{6108A6D4-AFE1-44F3-937C-A757D08B69A6}.Debug|x64.Build.0 = Debug|x64
		{6108A6D4-AFE1-44F3-937C-A757D08B69A6}.Debug|x86.ActiveCfg = Debug|Win32
		{6108A6D4-AFE1-44F3-937C-A757D08B69A6}.Debug|x86.Build.0 = Debug|Win32
		{6108A6D4-AFE1-44F3-937C-A757D08B69A6}.Release|x64.ActiveCfg = Release|x64
		{6108A6D4-AFE1-44F3-937C-A757D08B69A6}.Release|x64.Build.0 = Release|x64
		{6108A6D4-AFE1-44F3-937C-A757D08B69A6}.Release|x86.ActiveCfg = Release|Win32
		{6108A6D4-AFE1-44F3-937C-A757D08B69A6}.Release|x86.Build.0 = Release|Win32
	EndGlobalSection
	GlobalSection(SolutionProperties) = preSolution
		HideSolutionNode = FALSE
	EndGlobalSection
	GlobalSection(ExtensibilityGlobals) = postSolution
		SolutionGuid = {98829603-F36A-46D6-9A43-DE4D52D08822}
	EndGlobalSection
EndGlobal
